// !$*UTF8*$!
{
	archiveVersion = 1;
	classes = {
	};
	objectVersion = 77;
	objects = {

/* Begin PBXBuildFile section */
		0F4C5868A40257611A0699D2 /* SentReferences.swift in Sources */ = {isa = PBXBuildFile; fileRef = A7EF38671A76D94846A57B8B /* SentReferences.swift */; };
		1691D70F0A0544EEFC17C617 /* RoundScrubber.swift in Sources */ = {isa = PBXBuildFile; fileRef = 8210D3CE5F451D143F999D86 /* RoundScrubber.swift */; };
		183733A16B2436C2A05A4D83 /* SelectableAnswer.swift in Sources */ = {isa = PBXBuildFile; fileRef = 56F9C234D48ACB23FC33084A /* SelectableAnswer.swift */; };
		1F09285ADBB37FE0B144FC0D /* SVGAttachment.swift in Sources */ = {isa = PBXBuildFile; fileRef = 09C2F20FBE6D863CBFFAF68C /* SVGAttachment.swift */; };
		2D5AAF85CAA4857AA2C21C31 /* InfoPlist.strings in Resources */ = {isa = PBXBuildFile; fileRef = A06EEB1D355157DB4878AA03 /* InfoPlist.strings */; };
		2E0398C5BC9183154F02C626 /* ProviderPreset.swift in Sources */ = {isa = PBXBuildFile; fileRef = 88FF461274147F624DDE7620 /* ProviderPreset.swift */; };
		2FDA96AD0343822B818C76FF /* BackupView.swift in Sources */ = {isa = PBXBuildFile; fileRef = 064A65A22FDB70197CEC87D1 /* BackupView.swift */; };
		3951CA589BDD266FA5CC5F1F /* ProviderClient.swift in Sources */ = {isa = PBXBuildFile; fileRef = 51DBC9C3DFCC26D8635614FE /* ProviderClient.swift */; };
		428D7FC9A0C6587E1FA31C93 /* LoomUITests.swift in Sources */ = {isa = PBXBuildFile; fileRef = EDBEE1BEC01864BF5606D35F /* LoomUITests.swift */; };
		443D3C5F58851EA29261D1F7 /* KeychainStore.swift in Sources */ = {isa = PBXBuildFile; fileRef = C44DEA3B7E1FFEB14AC52F58 /* KeychainStore.swift */; };
		49C162CD30FA55AF811F334B /* CloudBackup.swift in Sources */ = {isa = PBXBuildFile; fileRef = 3F17ED56274DB1A5FBAD02C8 /* CloudBackup.swift */; };
		50A8A9EBF4691ECF3075B1D8 /* BackupTests.swift in Sources */ = {isa = PBXBuildFile; fileRef = C9E44FEEF209CD74A3F0C441 /* BackupTests.swift */; };
		50D90A4EC0971A80D6E215CD /* ThreadView.swift in Sources */ = {isa = PBXBuildFile; fileRef = B206677B44BEA59D85EC94DF /* ThreadView.swift */; };
		516C5055D1918BBA58610A73 /* Assets.xcassets in Resources */ = {isa = PBXBuildFile; fileRef = 6E6E64FD9D6B923A722BBACC /* Assets.xcassets */; };
		57F288D4FC870C6484C19364 /* SelectionAutoScroller.swift in Sources */ = {isa = PBXBuildFile; fileRef = 6DF5B2551A133E3E6EA2F902 /* SelectionAutoScroller.swift */; };
		5EE095DD03BAD1028E8E7DF0 /* SettingsView.swift in Sources */ = {isa = PBXBuildFile; fileRef = A21E5E469558289327E4E0D6 /* SettingsView.swift */; };
		702CF54B8DA7BB76DC6D1242 /* WorkspaceView.swift in Sources */ = {isa = PBXBuildFile; fileRef = 6C29A7EB96D8257BAF050EBB /* WorkspaceView.swift */; };
		84CE6BFEB1478083D7AC45E3 /* AnswerRenderer.swift in Sources */ = {isa = PBXBuildFile; fileRef = 7475EC1FB1B7D60651449A7E /* AnswerRenderer.swift */; };
		91CB198BB52B9D3B534D33DA /* ReadingPreview.swift in Sources */ = {isa = PBXBuildFile; fileRef = 21C57ACE87660F67E93C3744 /* ReadingPreview.swift */; };
		B3EFCDF4A08728936C68DD07 /* LoomBackup.swift in Sources */ = {isa = PBXBuildFile; fileRef = 344CFA6BC8FABD0D25DC41C6 /* LoomBackup.swift */; };
		B706DD76852EA07285CB2855 /* SentenceSelection.swift in Sources */ = {isa = PBXBuildFile; fileRef = 99B118928081AFDAFBBD8692 /* SentenceSelection.swift */; };
		BA90770252FD2DD969792324 /* PrivacyInfo.xcprivacy in Resources */ = {isa = PBXBuildFile; fileRef = E1C56B209A789F8A6B688544 /* PrivacyInfo.xcprivacy */; };
		BCFD1833E268271EA155813E /* LoomStore.swift in Sources */ = {isa = PBXBuildFile; fileRef = 7B42DD5D28CF9372F4E216C0 /* LoomStore.swift */; };
		C155ABE7BB8CF6FE3CEDA035 /* ComposerView.swift in Sources */ = {isa = PBXBuildFile; fileRef = EDC9DE4F5DD5E63D0B07B9C5 /* ComposerView.swift */; };
		E013449B01E26319FE9CE4A8 /* ConversationDrawer.swift in Sources */ = {isa = PBXBuildFile; fileRef = F15BAC114F5FCB337DB52273 /* ConversationDrawer.swift */; };
		E6D38425A4092B517F113BAF /* RelayClient.swift in Sources */ = {isa = PBXBuildFile; fileRef = FD47C90C767DB183B019852C /* RelayClient.swift */; };
		ED1AF4B3C9DF82A13A0F5857 /* Models.swift in Sources */ = {isa = PBXBuildFile; fileRef = EA2957A5D4E4B89EBEF22DF6 /* Models.swift */; };
		F79E122F2372A8B641B0BB03 /* LoomTests.swift in Sources */ = {isa = PBXBuildFile; fileRef = 21B6C2C0879960ECDCE3548E /* LoomTests.swift */; };
		F9C98D26358CFAE8345B59B9 /* LoomApp.swift in Sources */ = {isa = PBXBuildFile; fileRef = 412AA912F72FEB53687A27B8 /* LoomApp.swift */; };
/* End PBXBuildFile section */

/* Begin PBXContainerItemProxy section */
		26B24B7E09BF1DA49081DAF5 /* PBXContainerItemProxy */ = {
			isa = PBXContainerItemProxy;
			containerPortal = 32B58EFB3FEA3E3E81D94DBD /* Project object */;
			proxyType = 1;
			remoteGlobalIDString = 92B1BC83B42A8E6DA14FE2C3;
			remoteInfo = Loom;
		};
		C9D08863B97F9676FE553444 /* PBXContainerItemProxy */ = {
			isa = PBXContainerItemProxy;
			containerPortal = 32B58EFB3FEA3E3E81D94DBD /* Project object */;
			proxyType = 1;
			remoteGlobalIDString = 92B1BC83B42A8E6DA14FE2C3;
			remoteInfo = Loom;
		};
/* End PBXContainerItemProxy section */

/* Begin PBXFileReference section */
		064A65A22FDB70197CEC87D1 /* BackupView.swift */ = {isa = PBXFileReference; lastKnownFileType = sourcecode.swift; path = BackupView.swift; sourceTree = "<group>"; };
		09C2F20FBE6D863CBFFAF68C /* SVGAttachment.swift */ = {isa = PBXFileReference; lastKnownFileType = sourcecode.swift; path = SVGAttachment.swift; sourceTree = "<group>"; };
		1EE04E5944878294EED4D9F3 /* zh-Hans */ = {isa = PBXFileReference; lastKnownFileType = text.plist.strings; name = "zh-Hans"; path = "zh-Hans.lproj/InfoPlist.strings"; sourceTree = "<group>"; };
		21B6C2C0879960ECDCE3548E /* LoomTests.swift */ = {isa = PBXFileReference; lastKnownFileType = sourcecode.swift; path = LoomTests.swift; sourceTree = "<group>"; };
		21C57ACE87660F67E93C3744 /* ReadingPreview.swift */ = {isa = PBXFileReference; lastKnownFileType = sourcecode.swift; path = ReadingPreview.swift; sourceTree = "<group>"; };
		344CFA6BC8FABD0D25DC41C6 /* LoomBackup.swift */ = {isa = PBXFileReference; lastKnownFileType = sourcecode.swift; path = LoomBackup.swift; sourceTree = "<group>"; };
		3F17ED56274DB1A5FBAD02C8 /* CloudBackup.swift */ = {isa = PBXFileReference; lastKnownFileType = sourcecode.swift; path = CloudBackup.swift; sourceTree = "<group>"; };
		412AA912F72FEB53687A27B8 /* LoomApp.swift */ = {isa = PBXFileReference; lastKnownFileType = sourcecode.swift; path = LoomApp.swift; sourceTree = "<group>"; };
		51DBC9C3DFCC26D8635614FE /* ProviderClient.swift */ = {isa = PBXFileReference; lastKnownFileType = sourcecode.swift; path = ProviderClient.swift; sourceTree = "<group>"; };
		56F9C234D48ACB23FC33084A /* SelectableAnswer.swift */ = {isa = PBXFileReference; lastKnownFileType = sourcecode.swift; path = SelectableAnswer.swift; sourceTree = "<group>"; };
		6C29A7EB96D8257BAF050EBB /* WorkspaceView.swift */ = {isa = PBXFileReference; lastKnownFileType = sourcecode.swift; path = WorkspaceView.swift; sourceTree = "<group>"; };
		6DF5B2551A133E3E6EA2F902 /* SelectionAutoScroller.swift */ = {isa = PBXFileReference; lastKnownFileType = sourcecode.swift; path = SelectionAutoScroller.swift; sourceTree = "<group>"; };
		6E6E64FD9D6B923A722BBACC /* Assets.xcassets */ = {isa = PBXFileReference; lastKnownFileType = folder.assetcatalog; path = Assets.xcassets; sourceTree = "<group>"; };
		7475EC1FB1B7D60651449A7E /* AnswerRenderer.swift */ = {isa = PBXFileReference; lastKnownFileType = sourcecode.swift; path = AnswerRenderer.swift; sourceTree = "<group>"; };
		7B42DD5D28CF9372F4E216C0 /* LoomStore.swift */ = {isa = PBXFileReference; lastKnownFileType = sourcecode.swift; path = LoomStore.swift; sourceTree = "<group>"; };
		8210D3CE5F451D143F999D86 /* RoundScrubber.swift */ = {isa = PBXFileReference; lastKnownFileType = sourcecode.swift; path = RoundScrubber.swift; sourceTree = "<group>"; };
		88FF461274147F624DDE7620 /* ProviderPreset.swift */ = {isa = PBXFileReference; lastKnownFileType = sourcecode.swift; path = ProviderPreset.swift; sourceTree = "<group>"; };
		965174FB87136638BA643B4C /* LoomTests.xctest */ = {isa = PBXFileReference; includeInIndex = 0; lastKnownFileType = wrapper.cfbundle; path = LoomTests.xctest; sourceTree = BUILT_PRODUCTS_DIR; };
		99B118928081AFDAFBBD8692 /* SentenceSelection.swift */ = {isa = PBXFileReference; lastKnownFileType = sourcecode.swift; path = SentenceSelection.swift; sourceTree = "<group>"; };
		A21E5E469558289327E4E0D6 /* SettingsView.swift */ = {isa = PBXFileReference; lastKnownFileType = sourcecode.swift; path = SettingsView.swift; sourceTree = "<group>"; };
		A7EF38671A76D94846A57B8B /* SentReferences.swift */ = {isa = PBXFileReference; lastKnownFileType = sourcecode.swift; path = SentReferences.swift; sourceTree = "<group>"; };
		B206677B44BEA59D85EC94DF /* ThreadView.swift */ = {isa = PBXFileReference; lastKnownFileType = sourcecode.swift; path = ThreadView.swift; sourceTree = "<group>"; };
		BF9EDCF03844F608F14C96AF /* LoomUITests.xctest */ = {isa = PBXFileReference; includeInIndex = 0; lastKnownFileType = wrapper.cfbundle; path = LoomUITests.xctest; sourceTree = BUILT_PRODUCTS_DIR; };
		C44DEA3B7E1FFEB14AC52F58 /* KeychainStore.swift */ = {isa = PBXFileReference; lastKnownFileType = sourcecode.swift; path = KeychainStore.swift; sourceTree = "<group>"; };
		C9E44FEEF209CD74A3F0C441 /* BackupTests.swift */ = {isa = PBXFileReference; lastKnownFileType = sourcecode.swift; path = BackupTests.swift; sourceTree = "<group>"; };
		CFB0FB42BDCFD78AC68A01BF /* Loom.app */ = {isa = PBXFileReference; includeInIndex = 0; lastKnownFileType = wrapper.application; path = Loom.app; sourceTree = BUILT_PRODUCTS_DIR; };
		E1C56B209A789F8A6B688544 /* PrivacyInfo.xcprivacy */ = {isa = PBXFileReference; path = PrivacyInfo.xcprivacy; sourceTree = "<group>"; };
		EA2957A5D4E4B89EBEF22DF6 /* Models.swift */ = {isa = PBXFileReference; lastKnownFileType = sourcecode.swift; path = Models.swift; sourceTree = "<group>"; };
		EDBEE1BEC01864BF5606D35F /* LoomUITests.swift */ = {isa = PBXFileReference; lastKnownFileType = sourcecode.swift; path = LoomUITests.swift; sourceTree = "<group>"; };
		EDC9DE4F5DD5E63D0B07B9C5 /* ComposerView.swift */ = {isa = PBXFileReference; lastKnownFileType = sourcecode.swift; path = ComposerView.swift; sourceTree = "<group>"; };
		F15BAC114F5FCB337DB52273 /* ConversationDrawer.swift */ = {isa = PBXFileReference; lastKnownFileType = sourcecode.swift; path = ConversationDrawer.swift; sourceTree = "<group>"; };
		FD47C90C767DB183B019852C /* RelayClient.swift */ = {isa = PBXFileReference; lastKnownFileType = sourcecode.swift; path = RelayClient.swift; sourceTree = "<group>"; };
/* End PBXFileReference section */

/* Begin PBXGroup section */
		1DEF40AC53620C93C6DE498D /* LoomTests */ = {
			isa = PBXGroup;
			children = (
				C9E44FEEF209CD74A3F0C441 /* BackupTests.swift */,
				21B6C2C0879960ECDCE3548E /* LoomTests.swift */,
			);
			path = LoomTests;
			sourceTree = "<group>";
		};
		479DC8F9E77C38BB40CF809A /* Models */ = {
			isa = PBXGroup;
			children = (
				344CFA6BC8FABD0D25DC41C6 /* LoomBackup.swift */,
				EA2957A5D4E4B89EBEF22DF6 /* Models.swift */,
				88FF461274147F624DDE7620 /* ProviderPreset.swift */,
				A7EF38671A76D94846A57B8B /* SentReferences.swift */,
			);
			path = Models;
			sourceTree = "<group>";
		};
		82D1A980FEC11A0A3EF508BA /* LoomUITests */ = {
			isa = PBXGroup;
			children = (
				EDBEE1BEC01864BF5606D35F /* LoomUITests.swift */,
			);
			path = LoomUITests;
			sourceTree = "<group>";
		};
		97701232024A9C8C77CB30B6 /* Resources */ = {
			isa = PBXGroup;
			children = (
				6E6E64FD9D6B923A722BBACC /* Assets.xcassets */,
				E1C56B209A789F8A6B688544 /* PrivacyInfo.xcprivacy */,
				A06EEB1D355157DB4878AA03 /* InfoPlist.strings */,
			);
			path = Resources;
			sourceTree = "<group>";
		};
		AE2495C2DD7C4012BED6E594 /* Products */ = {
			isa = PBXGroup;
			children = (
				CFB0FB42BDCFD78AC68A01BF /* Loom.app */,
				965174FB87136638BA643B4C /* LoomTests.xctest */,
				BF9EDCF03844F608F14C96AF /* LoomUITests.xctest */,
			);
			name = Products;
			sourceTree = "<group>";
		};
		B31DA3552C2406DB61B3C1EA /* Services */ = {
			isa = PBXGroup;
			children = (
				3F17ED56274DB1A5FBAD02C8 /* CloudBackup.swift */,
				C44DEA3B7E1FFEB14AC52F58 /* KeychainStore.swift */,
				7B42DD5D28CF9372F4E216C0 /* LoomStore.swift */,
				51DBC9C3DFCC26D8635614FE /* ProviderClient.swift */,
				FD47C90C767DB183B019852C /* RelayClient.swift */,
			);
			path = Services;
			sourceTree = "<group>";
		};
		B380268C9C7FBB9A4D2886D6 = {
			isa = PBXGroup;
			children = (
				B6CBFC678F4F052F89B3CA66 /* Loom */,
				1DEF40AC53620C93C6DE498D /* LoomTests */,
				82D1A980FEC11A0A3EF508BA /* LoomUITests */,
				AE2495C2DD7C4012BED6E594 /* Products */,
			);
			sourceTree = "<group>";
		};
		B6CBFC678F4F052F89B3CA66 /* Loom */ = {
			isa = PBXGroup;
			children = (
				412AA912F72FEB53687A27B8 /* LoomApp.swift */,
				479DC8F9E77C38BB40CF809A /* Models */,
				97701232024A9C8C77CB30B6 /* Resources */,
				B31DA3552C2406DB61B3C1EA /* Services */,
				DC3ACC58C0A205E1F028CF16 /* Views */,
			);
			path = Loom;
			sourceTree = "<group>";
		};
		DC3ACC58C0A205E1F028CF16 /* Views */ = {
			isa = PBXGroup;
			children = (
				7475EC1FB1B7D60651449A7E /* AnswerRenderer.swift */,
				064A65A22FDB70197CEC87D1 /* BackupView.swift */,
				EDC9DE4F5DD5E63D0B07B9C5 /* ComposerView.swift */,
				F15BAC114F5FCB337DB52273 /* ConversationDrawer.swift */,
				21C57ACE87660F67E93C3744 /* ReadingPreview.swift */,
				8210D3CE5F451D143F999D86 /* RoundScrubber.swift */,
				56F9C234D48ACB23FC33084A /* SelectableAnswer.swift */,
				6DF5B2551A133E3E6EA2F902 /* SelectionAutoScroller.swift */,
				99B118928081AFDAFBBD8692 /* SentenceSelection.swift */,
				A21E5E469558289327E4E0D6 /* SettingsView.swift */,
				09C2F20FBE6D863CBFFAF68C /* SVGAttachment.swift */,
				B206677B44BEA59D85EC94DF /* ThreadView.swift */,
				6C29A7EB96D8257BAF050EBB /* WorkspaceView.swift */,
			);
			path = Views;
			sourceTree = "<group>";
		};
/* End PBXGroup section */

/* Begin PBXNativeTarget section */
		0B2CF33499C5D0BBBAC21455 /* LoomUITests */ = {
			isa = PBXNativeTarget;
			buildConfigurationList = 9E563F289CA0CEE57D66DDEA /* Build configuration list for PBXNativeTarget "LoomUITests" */;
			buildPhases = (
				D371C79B0734F9087F628EE1 /* Sources */,
			);
			buildRules = (
			);
			dependencies = (
				1BE11D9B8F9E2FE09189A1C7 /* PBXTargetDependency */,
			);
			name = LoomUITests;
			packageProductDependencies = (
			);
			productName = LoomUITests;
			productReference = BF9EDCF03844F608F14C96AF /* LoomUITests.xctest */;
			productType = "com.apple.product-type.bundle.ui-testing";
		};
		92B1BC83B42A8E6DA14FE2C3 /* Loom */ = {
			isa = PBXNativeTarget;
			buildConfigurationList = A89C1ED79CFFB2D69BAF407A /* Build configuration list for PBXNativeTarget "Loom" */;
			buildPhases = (
				11E15E109E1D18FEFC194441 /* Sources */,
				8BB123B3A0B5C3FB4CF01850 /* Resources */,
			);
			buildRules = (
			);
			dependencies = (
			);
			name = Loom;
			packageProductDependencies = (
			);
			productName = Loom;
			productReference = CFB0FB42BDCFD78AC68A01BF /* Loom.app */;
			productType = "com.apple.product-type.application";
		};
		ED826D576EF84C5DCAA12309 /* LoomTests */ = {
			isa = PBXNativeTarget;
			buildConfigurationList = CC7C822050D13A1780EA0563 /* Build configuration list for PBXNativeTarget "LoomTests" */;
			buildPhases = (
				5DF0A9639115211713D1BD94 /* Sources */,
			);
			buildRules = (
			);
			dependencies = (
				A3CD4F83D239141298BB1268 /* PBXTargetDependency */,
			);
			name = LoomTests;
			packageProductDependencies = (
			);
			productName = LoomTests;
			productReference = 965174FB87136638BA643B4C /* LoomTests.xctest */;
			productType = "com.apple.product-type.bundle.unit-test";
		};
/* End PBXNativeTarget section */

/* Begin PBXProject section */
		32B58EFB3FEA3E3E81D94DBD /* Project object */ = {
			isa = PBXProject;
			attributes = {
				BuildIndependentTargetsInParallel = YES;
				LastUpgradeCheck = 1430;
				TargetAttributes = {
					0B2CF33499C5D0BBBAC21455 = {
						DevelopmentTeam = "";
						ProvisioningStyle = Automatic;
						TestTargetID = 92B1BC83B42A8E6DA14FE2C3;
					};
					92B1BC83B42A8E6DA14FE2C3 = {
						DevelopmentTeam = "";
						ProvisioningStyle = Automatic;
					};
					ED826D576EF84C5DCAA12309 = {
						DevelopmentTeam = "";
						ProvisioningStyle = Automatic;
					};
				};
			};
			buildConfigurationList = 8469BC710BBCEBFD6D40602E /* Build configuration list for PBXProject "Loom" */;
			developmentRegion = "zh-Hans";
			hasScannedForEncodings = 0;
			knownRegions = (
				Base,
				"zh-Hans",
			);
			mainGroup = B380268C9C7FBB9A4D2886D6;
			minimizedProjectReferenceProxies = 1;
			preferredProjectObjectVersion = 77;
			productRefGroup = AE2495C2DD7C4012BED6E594 /* Products */;
			projectDirPath = "";
			projectRoot = "";
			targets = (
				92B1BC83B42A8E6DA14FE2C3 /* Loom */,
				ED826D576EF84C5DCAA12309 /* LoomTests */,
				0B2CF33499C5D0BBBAC21455 /* LoomUITests */,
			);
		};
/* End PBXProject section */

/* Begin PBXResourcesBuildPhase section */
		8BB123B3A0B5C3FB4CF01850 /* Resources */ = {
			isa = PBXResourcesBuildPhase;
			buildActionMask = 2147483647;
			files = (
				516C5055D1918BBA58610A73 /* Assets.xcassets in Resources */,
				2D5AAF85CAA4857AA2C21C31 /* InfoPlist.strings in Resources */,
				BA90770252FD2DD969792324 /* PrivacyInfo.xcprivacy in Resources */,
			);
			runOnlyForDeploymentPostprocessing = 0;
		};
/* End PBXResourcesBuildPhase section */

/* Begin PBXSourcesBuildPhase section */
		11E15E109E1D18FEFC194441 /* Sources */ = {
			isa = PBXSourcesBuildPhase;
			buildActionMask = 2147483647;
			files = (
				84CE6BFEB1478083D7AC45E3 /* AnswerRenderer.swift in Sources */,
				2FDA96AD0343822B818C76FF /* BackupView.swift in Sources */,
				49C162CD30FA55AF811F334B /* CloudBackup.swift in Sources */,
				C155ABE7BB8CF6FE3CEDA035 /* ComposerView.swift in Sources */,
				E013449B01E26319FE9CE4A8 /* ConversationDrawer.swift in Sources */,
				443D3C5F58851EA29261D1F7 /* KeychainStore.swift in Sources */,
				F9C98D26358CFAE8345B59B9 /* LoomApp.swift in Sources */,
				B3EFCDF4A08728936C68DD07 /* LoomBackup.swift in Sources */,
				BCFD1833E268271EA155813E /* LoomStore.swift in Sources */,
				ED1AF4B3C9DF82A13A0F5857 /* Models.swift in Sources */,
				3951CA589BDD266FA5CC5F1F /* ProviderClient.swift in Sources */,
				2E0398C5BC9183154F02C626 /* ProviderPreset.swift in Sources */,
				91CB198BB52B9D3B534D33DA /* ReadingPreview.swift in Sources */,
				E6D38425A4092B517F113BAF /* RelayClient.swift in Sources */,
				1691D70F0A0544EEFC17C617 /* RoundScrubber.swift in Sources */,
				1F09285ADBB37FE0B144FC0D /* SVGAttachment.swift in Sources */,
				183733A16B2436C2A05A4D83 /* SelectableAnswer.swift in Sources */,
				57F288D4FC870C6484C19364 /* SelectionAutoScroller.swift in Sources */,
				0F4C5868A40257611A0699D2 /* SentReferences.swift in Sources */,
				B706DD76852EA07285CB2855 /* SentenceSelection.swift in Sources */,
				5EE095DD03BAD1028E8E7DF0 /* SettingsView.swift in Sources */,
				50D90A4EC0971A80D6E215CD /* ThreadView.swift in Sources */,
				702CF54B8DA7BB76DC6D1242 /* WorkspaceView.swift in Sources */,
			);
			runOnlyForDeploymentPostprocessing = 0;
		};
		5DF0A9639115211713D1BD94 /* Sources */ = {
			isa = PBXSourcesBuildPhase;
			buildActionMask = 2147483647;
			files = (
				50A8A9EBF4691ECF3075B1D8 /* BackupTests.swift in Sources */,
				F79E122F2372A8B641B0BB03 /* LoomTests.swift in Sources */,
			);
			runOnlyForDeploymentPostprocessing = 0;
		};
		D371C79B0734F9087F628EE1 /* Sources */ = {
			isa = PBXSourcesBuildPhase;
			buildActionMask = 2147483647;
			files = (
				428D7FC9A0C6587E1FA31C93 /* LoomUITests.swift in Sources */,
			);
			runOnlyForDeploymentPostprocessing = 0;
		};
/* End PBXSourcesBuildPhase section */

/* Begin PBXTargetDependency section */
		1BE11D9B8F9E2FE09189A1C7 /* PBXTargetDependency */ = {
			isa = PBXTargetDependency;
			target = 92B1BC83B42A8E6DA14FE2C3 /* Loom */;
			targetProxy = 26B24B7E09BF1DA49081DAF5 /* PBXContainerItemProxy */;
		};
		A3CD4F83D239141298BB1268 /* PBXTargetDependency */ = {
			isa = PBXTargetDependency;
			target = 92B1BC83B42A8E6DA14FE2C3 /* Loom */;
			targetProxy = C9D08863B97F9676FE553444 /* PBXContainerItemProxy */;
		};
/* End PBXTargetDependency section */

/* Begin PBXVariantGroup section */
		A06EEB1D355157DB4878AA03 /* InfoPlist.strings */ = {
			isa = PBXVariantGroup;
			children = (
				1EE04E5944878294EED4D9F3 /* zh-Hans */,
			);
			name = InfoPlist.strings;
			sourceTree = "<group>";
		};
/* End PBXVariantGroup section */

/* Begin XCBuildConfiguration section */
		0597129A1260A66422EB504F /* Debug */ = {
			isa = XCBuildConfiguration;
			buildSettings = {
				BUNDLE_LOADER = "$(TEST_HOST)";
				LD_RUNPATH_SEARCH_PATHS = (
					"$(inherited)",
					"@executable_path/Frameworks",
					"@loader_path/Frameworks",
				);
				PRODUCT_BUNDLE_IDENTIFIER = online.minidesk.LoomTests;
				SDKROOT = iphoneos;
				TARGETED_DEVICE_FAMILY = "1,2";
				TEST_HOST = "$(BUILT_PRODUCTS_DIR)/Loom.app/Loom";
			};
			name = Debug;
		};
		126D55997EBF15956046E58F /* Release */ = {
			isa = XCBuildConfiguration;
			buildSettings = {
				ASSETCATALOG_COMPILER_APPICON_NAME = AppIcon;
				CODE_SIGN_IDENTITY = "iPhone Developer";
				LD_RUNPATH_SEARCH_PATHS = (
					"$(inherited)",
					"@executable_path/Frameworks",
				);
				PRODUCT_BUNDLE_IDENTIFIER = online.minidesk.loom;
				SDKROOT = iphoneos;
				TARGETED_DEVICE_FAMILY = "1,2";
			};
			name = Release;
		};
		2C4A01C381B55D8787DB96FA /* Debug */ = {
			isa = XCBuildConfiguration;
			buildSettings = {
				BUNDLE_LOADER = "$(TEST_HOST)";
				LD_RUNPATH_SEARCH_PATHS = (
					"$(inherited)",
					"@executable_path/Frameworks",
					"@loader_path/Frameworks",
				);
				PRODUCT_BUNDLE_IDENTIFIER = online.minidesk.LoomUITests;
				SDKROOT = iphoneos;
				TARGETED_DEVICE_FAMILY = "1,2";
				TEST_TARGET_NAME = Loom;
			};
			name = Debug;
		};
		3F4D34AD8F87E1C4E02A3489 /* Release */ = {
			isa = XCBuildConfiguration;
			buildSettings = {
				BUNDLE_LOADER = "$(TEST_HOST)";
				LD_RUNPATH_SEARCH_PATHS = (
					"$(inherited)",
					"@executable_path/Frameworks",
					"@loader_path/Frameworks",
				);
				PRODUCT_BUNDLE_IDENTIFIER = online.minidesk.LoomUITests;
				SDKROOT = iphoneos;
				TARGETED_DEVICE_FAMILY = "1,2";
				TEST_TARGET_NAME = Loom;
			};
			name = Release;
		};
		7DDE0896E67F1B37B182DEA0 /* Debug */ = {
			isa = XCBuildConfiguration;
			buildSettings = {
				ASSETCATALOG_COMPILER_APPICON_NAME = AppIcon;
				CODE_SIGN_IDENTITY = "iPhone Developer";
				LD_RUNPATH_SEARCH_PATHS = (
					"$(inherited)",
					"@executable_path/Frameworks",
				);
				PRODUCT_BUNDLE_IDENTIFIER = online.minidesk.loom;
				SDKROOT = iphoneos;
				TARGETED_DEVICE_FAMILY = "1,2";
			};
			name = Debug;
		};
		9B87305D26CB722F082E1419 /* Release */ = {
			isa = XCBuildConfiguration;
			buildSettings = {
				ALWAYS_SEARCH_USER_PATHS = NO;
				CLANG_ANALYZER_NONNULL = YES;
				CLANG_ANALYZER_NUMBER_OBJECT_CONVERSION = YES_AGGRESSIVE;
				CLANG_CXX_LANGUAGE_STANDARD = "gnu++14";
				CLANG_CXX_LIBRARY = "libc++";
				CLANG_ENABLE_MODULES = YES;
				CLANG_ENABLE_OBJC_ARC = YES;
				CLANG_ENABLE_OBJC_WEAK = YES;
				CLANG_WARN_BLOCK_CAPTURE_AUTORELEASING = YES;
				CLANG_WARN_BOOL_CONVERSION = YES;
				CLANG_WARN_COMMA = YES;
				CLANG_WARN_CONSTANT_CONVERSION = YES;
				CLANG_WARN_DEPRECATED_OBJC_IMPLEMENTATIONS = YES;
				CLANG_WARN_DIRECT_OBJC_ISA_USAGE = YES_ERROR;
				CLANG_WARN_DOCUMENTATION_COMMENTS = YES;
				CLANG_WARN_EMPTY_BODY = YES;
				CLANG_WARN_ENUM_CONVERSION = YES;
				CLANG_WARN_INFINITE_RECURSION = YES;
				CLANG_WARN_INT_CONVERSION = YES;
				CLANG_WARN_NON_LITERAL_NULL_CONVERSION = YES;
				CLANG_WARN_OBJC_IMPLICIT_RETAIN_SELF = YES;
				CLANG_WARN_OBJC_LITERAL_CONVERSION = YES;
				CLANG_WARN_OBJC_ROOT_CLASS = YES_ERROR;
				CLANG_WARN_QUOTED_INCLUDE_IN_FRAMEWORK_HEADER = YES;
				CLANG_WARN_RANGE_LOOP_ANALYSIS = YES;
				CLANG_WARN_STRICT_PROTOTYPES = YES;
				CLANG_WARN_SUSPICIOUS_MOVE = YES;
				CLANG_WARN_UNGUARDED_AVAILABILITY = YES_AGGRESSIVE;
				CLANG_WARN_UNREACHABLE_CODE = YES;
				CLANG_WARN__DUPLICATE_METHOD_MATCH = YES;
				CODE_SIGN_STYLE = Automatic;
				COPY_PHASE_STRIP = NO;
				CURRENT_PROJECT_VERSION = 16;
				DEBUG_INFORMATION_FORMAT = "dwarf-with-dsym";
				DEVELOPMENT_TEAM = "";
				ENABLE_NS_ASSERTIONS = NO;
				ENABLE_STRICT_OBJC_MSGSEND = YES;
				GCC_C_LANGUAGE_STANDARD = gnu11;
				GCC_NO_COMMON_BLOCKS = YES;
				GCC_WARN_64_TO_32_BIT_CONVERSION = YES;
				GCC_WARN_ABOUT_RETURN_TYPE = YES_ERROR;
				GCC_WARN_UNDECLARED_SELECTOR = YES;
				GCC_WARN_UNINITIALIZED_AUTOS = YES_AGGRESSIVE;
				GCC_WARN_UNUSED_FUNCTION = YES;
				GCC_WARN_UNUSED_VARIABLE = YES;
				GENERATE_INFOPLIST_FILE = YES;
				INFOPLIST_KEY_CFBundleDisplayName = Loom;
				INFOPLIST_KEY_LSApplicationCategoryType = "public.app-category.productivity";
				INFOPLIST_KEY_UIApplicationSceneManifest_Generation = YES;
				INFOPLIST_KEY_UIApplicationSupportsIndirectInputEvents = YES;
				INFOPLIST_KEY_UILaunchScreen_Generation = YES;
				INFOPLIST_KEY_UISupportedInterfaceOrientations_iPad = "UIInterfaceOrientationPortrait UIInterfaceOrientationPortraitUpsideDown UIInterfaceOrientationLandscapeLeft UIInterfaceOrientationLandscapeRight";
				INFOPLIST_KEY_UISupportedInterfaceOrientations_iPhone = "UIInterfaceOrientationPortrait UIInterfaceOrientationLandscapeLeft UIInterfaceOrientationLandscapeRight";
				IPHONEOS_DEPLOYMENT_TARGET = 26.0;
				MARKETING_VERSION = 1.9.0;
				MTL_ENABLE_DEBUG_INFO = NO;
				MTL_FAST_MATH = YES;
				PRODUCT_NAME = "$(TARGET_NAME)";
				SDKROOT = iphoneos;
				SWIFT_COMPILATION_MODE = wholemodule;
				SWIFT_OPTIMIZATION_LEVEL = "-O";
				SWIFT_VERSION = 6.0;
				TARGETED_DEVICE_FAMILY = "1,2";
			};
			name = Release;
		};
		E1809DB765500FBFE9669DE4 /* Debug */ = {
			isa = XCBuildConfiguration;
			buildSettings = {
				ALWAYS_SEARCH_USER_PATHS = NO;
				CLANG_ANALYZER_NONNULL = YES;
				CLANG_ANALYZER_NUMBER_OBJECT_CONVERSION = YES_AGGRESSIVE;
				CLANG_CXX_LANGUAGE_STANDARD = "gnu++14";
				CLANG_CXX_LIBRARY = "libc++";
				CLANG_ENABLE_MODULES = YES;
				CLANG_ENABLE_OBJC_ARC = YES;
				CLANG_ENABLE_OBJC_WEAK = YES;
				CLANG_WARN_BLOCK_CAPTURE_AUTORELEASING = YES;
				CLANG_WARN_BOOL_CONVERSION = YES;
				CLANG_WARN_COMMA = YES;
				CLANG_WARN_CONSTANT_CONVERSION = YES;
				CLANG_WARN_DEPRECATED_OBJC_IMPLEMENTATIONS = YES;
				CLANG_WARN_DIRECT_OBJC_ISA_USAGE = YES_ERROR;
				CLANG_WARN_DOCUMENTATION_COMMENTS = YES;
				CLANG_WARN_EMPTY_BODY = YES;
				CLANG_WARN_ENUM_CONVERSION = YES;
				CLANG_WARN_INFINITE_RECURSION = YES;
				CLANG_WARN_INT_CONVERSION = YES;
				CLANG_WARN_NON_LITERAL_NULL_CONVERSION = YES;
				CLANG_WARN_OBJC_IMPLICIT_RETAIN_SELF = YES;
				CLANG_WARN_OBJC_LITERAL_CONVERSION = YES;
				CLANG_WARN_OBJC_ROOT_CLASS = YES_ERROR;
				CLANG_WARN_QUOTED_INCLUDE_IN_FRAMEWORK_HEADER = YES;
				CLANG_WARN_RANGE_LOOP_ANALYSIS = YES;
				CLANG_WARN_STRICT_PROTOTYPES = YES;
				CLANG_WARN_SUSPICIOUS_MOVE = YES;
				CLANG_WARN_UNGUARDED_AVAILABILITY = YES_AGGRESSIVE;
				CLANG_WARN_UNREACHABLE_CODE = YES;
				CLANG_WARN__DUPLICATE_METHOD_MATCH = YES;
				CODE_SIGN_STYLE = Automatic;
				COPY_PHASE_STRIP = NO;
				CURRENT_PROJECT_VERSION = 16;
				DEBUG_INFORMATION_FORMAT = dwarf;
				DEVELOPMENT_TEAM = "";
				ENABLE_STRICT_OBJC_MSGSEND = YES;
				ENABLE_TESTABILITY = YES;
				GCC_C_LANGUAGE_STANDARD = gnu11;
				GCC_DYNAMIC_NO_PIC = NO;
				GCC_NO_COMMON_BLOCKS = YES;
				GCC_OPTIMIZATION_LEVEL = 0;
				GCC_PREPROCESSOR_DEFINITIONS = (
					"$(inherited)",
					"DEBUG=1",
				);
				GCC_WARN_64_TO_32_BIT_CONVERSION = YES;
				GCC_WARN_ABOUT_RETURN_TYPE = YES_ERROR;
				GCC_WARN_UNDECLARED_SELECTOR = YES;
				GCC_WARN_UNINITIALIZED_AUTOS = YES_AGGRESSIVE;
				GCC_WARN_UNUSED_FUNCTION = YES;
				GCC_WARN_UNUSED_VARIABLE = YES;
				GENERATE_INFOPLIST_FILE = YES;
				INFOPLIST_KEY_CFBundleDisplayName = Loom;
				INFOPLIST_KEY_LSApplicationCategoryType = "public.app-category.productivity";
				INFOPLIST_KEY_UIApplicationSceneManifest_Generation = YES;
				INFOPLIST_KEY_UIApplicationSupportsIndirectInputEvents = YES;
				INFOPLIST_KEY_UILaunchScreen_Generation = YES;
				INFOPLIST_KEY_UISupportedInterfaceOrientations_iPad = "UIInterfaceOrientationPortrait UIInterfaceOrientationPortraitUpsideDown UIInterfaceOrientationLandscapeLeft UIInterfaceOrientationLandscapeRight";
				INFOPLIST_KEY_UISupportedInterfaceOrientations_iPhone = "UIInterfaceOrientationPortrait UIInterfaceOrientationLandscapeLeft UIInterfaceOrientationLandscapeRight";
				IPHONEOS_DEPLOYMENT_TARGET = 26.0;
				MARKETING_VERSION = 1.9.0;
				MTL_ENABLE_DEBUG_INFO = INCLUDE_SOURCE;
				MTL_FAST_MATH = YES;
				ONLY_ACTIVE_ARCH = YES;
				PRODUCT_NAME = "$(TARGET_NAME)";
				SDKROOT = iphoneos;
				SWIFT_ACTIVE_COMPILATION_CONDITIONS = DEBUG;
				SWIFT_OPTIMIZATION_LEVEL = "-Onone";
				SWIFT_VERSION = 6.0;
				TARGETED_DEVICE_FAMILY = "1,2";
			};
			name = Debug;
		};
		F0D3E0EDEB02B1F76B3E4C03 /* Release */ = {
			isa = XCBuildConfiguration;
			buildSettings = {
				BUNDLE_LOADER = "$(TEST_HOST)";
				LD_RUNPATH_SEARCH_PATHS = (
					"$(inherited)",
					"@executable_path/Frameworks",
					"@loader_path/Frameworks",
				);
				PRODUCT_BUNDLE_IDENTIFIER = online.minidesk.LoomTests;
				SDKROOT = iphoneos;
				TARGETED_DEVICE_FAMILY = "1,2";
				TEST_HOST = "$(BUILT_PRODUCTS_DIR)/Loom.app/Loom";
			};
			name = Release;
		};
/* End XCBuildConfiguration section */

/* Begin XCConfigurationList section */
		8469BC710BBCEBFD6D40602E /* Build configuration list for PBXProject "Loom" */ = {
			isa = XCConfigurationList;
			buildConfigurations = (
				E1809DB765500FBFE9669DE4 /* Debug */,
				9B87305D26CB722F082E1419 /* Release */,
			);
			defaultConfigurationIsVisible = 0;
			defaultConfigurationName = Debug;
		};
		9E563F289CA0CEE57D66DDEA /* Build configuration list for PBXNativeTarget "LoomUITests" */ = {
			isa = XCConfigurationList;
			buildConfigurations = (
				2C4A01C381B55D8787DB96FA /* Debug */,
				3F4D34AD8F87E1C4E02A3489 /* Release */,
			);
			defaultConfigurationIsVisible = 0;
			defaultConfigurationName = Debug;
		};
		A89C1ED79CFFB2D69BAF407A /* Build configuration list for PBXNativeTarget "Loom" */ = {
			isa = XCConfigurationList;
			buildConfigurations = (
				7DDE0896E67F1B37B182DEA0 /* Debug */,
				126D55997EBF15956046E58F /* Release */,
			);
			defaultConfigurationIsVisible = 0;
			defaultConfigurationName = Debug;
		};
		CC7C822050D13A1780EA0563 /* Build configuration list for PBXNativeTarget "LoomTests" */ = {
			isa = XCConfigurationList;
			buildConfigurations = (
				0597129A1260A66422EB504F /* Debug */,
				F0D3E0EDEB02B1F76B3E4C03 /* Release */,
			);
			defaultConfigurationIsVisible = 0;
			defaultConfigurationName = Debug;
		};
/* End XCConfigurationList section */
	};
	rootObject = 32B58EFB3FEA3E3E81D94DBD /* Project object */;
}
